Microsoft Visual Studio Solution File, Format Version 12.00
# Visual Studio Version 17
VisualStudioVersion = 17.9.34622.214
MinimumVisualStudioVersion = 10.0.40219.1
Project("{9A19103F-16F7-4668-BE54-9A1E7A4F7556}") = "CursorSync", "CursorSync.csproj", "{8B9F1A28-F1D9-4F99-9E6E-B4A9D6D7C7E5}"
EndProject
Global
	GlobalSection(SolutionConfigurationPlatforms) = preSolution
		Debug|Any CPU = Debug|Any CPU
		Release|Any CPU = Release|Any CPU
	EndGlobalSection
	GlobalSection(ProjectConfigurationPlatforms) = postSolution
		{8B9F1A28-F1D9-4F99-9E6E-B4A9D6D7C7E5}.Debug|Any CPU.ActiveCfg = Debug|Any CPU
		{8B9F1A28-F1D9-4F99-9E6E-B4A9D6D7C7E5}.Debug|Any CPU.Build.0 = Debug|Any CPU
		{8B9F1A28-F1D9-4F99-9E6E-B4A9D6D7C7E5}.Release|Any CPU.ActiveCfg = Release|Any CPU
		{8B9F1A28-F1D9-4F99-9E6E-B4A9D6D7C7E5}.Release|Any CPU.Build.0 = Release|Any CPU
	EndGlobalSection
	GlobalSection(SolutionProperties) = preSolution
		HideSolutionNode = FALSE
	EndGlobalSection
	GlobalSection(ExtensibilityGlobals) = postSolution
		SolutionGuid = {F5A4A834-6D3B-4C85-8C73-B4E85D9C7EFD}
	EndGlobalSection
EndGlobal 